
Microsoft Visual Studio Solution File, Format Version 12.00
# Visual Studio Version 17
VisualStudioVersion = 17.13.35828.75 d17.13
MinimumVisualStudioVersion = 10.0.40219.1
Project("{FAE04EC0-301F-11D3-BF4B-00C04F79EFBC}") = "course_16_oop", "course_16_oop.csproj", "{BBFAD7C0-9A1E-416A-A20C-ED0CB586E7E7}"
EndProject
Global
	GlobalSection(SolutionConfigurationPlatforms) = preSolution
		Debug|Any CPU = Debug|Any CPU
		Release|Any CPU = Release|Any CPU
	EndGlobalSection
	GlobalSection(ProjectConfigurationPlatforms) = postSolution
		{BBFAD7C0-9A1E-416A-A20C-ED0CB586E7E7}.Debug|Any CPU.ActiveCfg = Debug|Any CPU
		{BBFAD7C0-9A1E-416A-A20C-ED0CB586E7E7}.Debug|Any CPU.Build.0 = Debug|Any CPU
		{BBFAD7C0-9A1E-416A-A20C-ED0CB586E7E7}.Release|Any CPU.ActiveCfg = Release|Any CPU
		{BBFAD7C0-9A1E-416A-A20C-ED0CB586E7E7}.Release|Any CPU.Build.0 = Release|Any CPU
	EndGlobalSection
	GlobalSection(SolutionProperties) = preSolution
		HideSolutionNode = FALSE
	EndGlobalSection
	GlobalSection(ExtensibilityGlobals) = postSolution
		SolutionGuid = {CD24E385-ABAB-4BB0-B44E-52A6537CE071}
	EndGlobalSection
EndGlobal
